
Microsoft Visual Studio Solution File, Format Version 12.00
# Visual Studio Version 16
VisualStudioVersion = 16.0.29911.98
MinimumVisualStudioVersion = 10.0.40219.1
Project("{FAE04EC0-301F-11D3-BF4B-00C04F79EFBC}") = "cpe", "cpe\cpe.csproj", "{1C83B563-99DE-4683-97BA-C131A940AB82}"
EndProject
Global
	GlobalSection(SolutionConfigurationPlatforms) = preSolution
		Debug|Any CPU = Debug|Any CPU
		Release|Any CPU = Release|Any CPU
	EndGlobalSection
	GlobalSection(ProjectConfigurationPlatforms) = postSolution
		{1C83B563-99DE-4683-97BA-C131A940AB82}.Debug|Any CPU.ActiveCfg = Debug|Any CPU
		{1C83B563-99DE-4683-97BA-C131A940AB82}.Debug|Any CPU.Build.0 = Debug|Any CPU
		{1C83B563-99DE-4683-97BA-C131A940AB82}.Release|Any CPU.ActiveCfg = Release|Any CPU
		{1C83B563-99DE-4683-97BA-C131A940AB82}.Release|Any CPU.Build.0 = Release|Any CPU
	EndGlobalSection
	GlobalSection(SolutionProperties) = preSolution
		HideSolutionNode = FALSE
	EndGlobalSection
	GlobalSection(ExtensibilityGlobals) = postSolution
		SolutionGuid = {067DAD83-0BAE-4401-B982-E616817B9802}
	EndGlobalSection
EndGlobal
